
Microsoft Visual Studio Solution File, Format Version 12.00
Project("{FAE04EC0-301F-11D3-BF4B-00C04F79EFBC}") = "Mastermind", "Mastermind\Mastermind.csproj", "{824EFD3E-BB21-4BE2-A21E-D8407AEC6A59}"
EndProject
Global
	GlobalSection(SolutionConfigurationPlatforms) = preSolution
		Debug|Any CPU = Debug|Any CPU
		Release|Any CPU = Release|Any CPU
	EndGlobalSection
	GlobalSection(ProjectConfigurationPlatforms) = postSolution
		{824EFD3E-BB21-4BE2-A21E-D8407AEC6A59}.Debug|Any CPU.ActiveCfg = Debug|Any CPU
		{824EFD3E-BB21-4BE2-A21E-D8407AEC6A59}.Debug|Any CPU.Build.0 = Debug|Any CPU
		{824EFD3E-BB21-4BE2-A21E-D8407AEC6A59}.Release|Any CPU.ActiveCfg = Release|Any CPU
		{824EFD3E-BB21-4BE2-A21E-D8407AEC6A59}.Release|Any CPU.Build.0 = Release|Any CPU
	EndGlobalSection
EndGlobal
